// !$*UTF8*$!
{
	archiveVersion = 1;
	classes = {
	};
	objectVersion = 50;
	objects = {

/* Begin PBXBuildFile section */
		029694B524469F2C00EB12A1 /* StoryView.swift in Sources */ = {isa = PBXBuildFile; fileRef = 029694B424469F2C00EB12A1 /* StoryView.swift */; };
		02ACA3102445C4A1004CEE93 /* AppDelegate.swift in Sources */ = {isa = PBXBuildFile; fileRef = 02ACA30F2445C4A1004CEE93 /* AppDelegate.swift */; };
		02ACA3122445C4A1004CEE93 /* ContentView.swift in Sources */ = {isa = PBXBuildFile; fileRef = 02ACA3112445C4A1004CEE93 /* ContentView.swift */; };
		02ACA3142445C4A6004CEE93 /* Assets.xcassets in Resources */ = {isa = PBXBuildFile; fileRef = 02ACA3132445C4A6004CEE93 /* Assets.xcassets */; };
		02ACA3172445C4A6004CEE93 /* Preview Assets.xcassets in Resources */ = {isa = PBXBuildFile; fileRef = 02ACA3162445C4A6004CEE93 /* Preview Assets.xcassets */; };
		02ACA31A2445C4A6004CEE93 /* Main.storyboard in Resources */ = {isa = PBXBuildFile; fileRef = 02ACA3182445C4A6004CEE93 /* Main.storyboard */; };
		02AF467C2446D9F600E41DE8 /* WebView.swift in Sources */ = {isa = PBXBuildFile; fileRef = 02AF467B2446D9F600E41DE8 /* WebView.swift */; };
		02AF467E2446DE8E00E41DE8 /* TitlebarAccessory.swift in Sources */ = {isa = PBXBuildFile; fileRef = 02AF467D2446DE8E00E41DE8 /* TitlebarAccessory.swift */; };
/* End PBXBuildFile section */

/* Begin PBXFileReference section */
		029694B424469F2C00EB12A1 /* StoryView.swift */ = {isa = PBXFileReference; lastKnownFileType = sourcecode.swift; path = StoryView.swift; sourceTree = "<group>"; };
		02ACA30C2445C4A1004CEE93 /* Hacker News.app */ = {isa = PBXFileReference; explicitFileType = wrapper.application; includeInIndex = 0; path = "Hacker News.app"; sourceTree = BUILT_PRODUCTS_DIR; };
		02ACA30F2445C4A1004CEE93 /* AppDelegate.swift */ = {isa = PBXFileReference; lastKnownFileType = sourcecode.swift; path = AppDelegate.swift; sourceTree = "<group>"; };
		02ACA3112445C4A1004CEE93 /* ContentView.swift */ = {isa = PBXFileReference; lastKnownFileType = sourcecode.swift; path = ContentView.swift; sourceTree = "<group>"; };
		02ACA3132445C4A6004CEE93 /* Assets.xcassets */ = {isa = PBXFileReference; lastKnownFileType = folder.assetcatalog; path = Assets.xcassets; sourceTree = "<group>"; };
		02ACA3162445C4A6004CEE93 /* Preview Assets.xcassets */ = {isa = PBXFileReference; lastKnownFileType = folder.assetcatalog; path = "Preview Assets.xcassets"; sourceTree = "<group>"; };
		02ACA3192445C4A6004CEE93 /* Base */ = {isa = PBXFileReference; lastKnownFileType = file.storyboard; name = Base; path = Base.lproj/Main.storyboard; sourceTree = "<group>"; };
		02ACA31B2445C4A6004CEE93 /* Info.plist */ = {isa = PBXFileReference; lastKnownFileType = text.plist.xml; path = Info.plist; sourceTree = "<group>"; };
		02ACA31C2445C4A6004CEE93 /* Hacker_News.entitlements */ = {isa = PBXFileReference; lastKnownFileType = text.plist.entitlements; path = Hacker_News.entitlements; sourceTree = "<group>"; };
		02AF467B2446D9F600E41DE8 /* WebView.swift */ = {isa = PBXFileReference; lastKnownFileType = sourcecode.swift; path = WebView.swift; sourceTree = "<group>"; };
		02AF467D2446DE8E00E41DE8 /* TitlebarAccessory.swift */ = {isa = PBXFileReference; lastKnownFileType = sourcecode.swift; path = TitlebarAccessory.swift; sourceTree = "<group>"; };
/* End PBXFileReference section */

/* Begin PBXFrameworksBuildPhase section */
		02ACA3092445C4A1004CEE93 /* Frameworks */ = {
			isa = PBXFrameworksBuildPhase;
			buildActionMask = 2147483647;
			files = (
			);
			runOnlyForDeploymentPostprocessing = 0;
		};
/* End PBXFrameworksBuildPhase section */

/* Begin PBXGroup section */
		02ACA3032445C4A1004CEE93 = {
			isa = PBXGroup;
			children = (
				02ACA30E2445C4A1004CEE93 /* Hacker News */,
				02ACA30D2445C4A1004CEE93 /* Products */,
			);
			sourceTree = "<group>";
		};
		02ACA30D2445C4A1004CEE93 /* Products */ = {
			isa = PBXGroup;
			children = (
				02ACA30C2445C4A1004CEE93 /* Hacker News.app */,
			);
			name = Products;
			sourceTree = "<group>";
		};
		02ACA30E2445C4A1004CEE93 /* Hacker News */ = {
			isa = PBXGroup;
			children = (
				02ACA30F2445C4A1004CEE93 /* AppDelegate.swift */,
				02ACA3112445C4A1004CEE93 /* ContentView.swift */,
				02ACA3132445C4A6004CEE93 /* Assets.xcassets */,
				02ACA3182445C4A6004CEE93 /* Main.storyboard */,
				02ACA31B2445C4A6004CEE93 /* Info.plist */,
				02ACA31C2445C4A6004CEE93 /* Hacker_News.entitlements */,
				02ACA3152445C4A6004CEE93 /* Preview Content */,
				029694B424469F2C00EB12A1 /* StoryView.swift */,
				02AF467B2446D9F600E41DE8 /* WebView.swift */,
				02AF467D2446DE8E00E41DE8 /* TitlebarAccessory.swift */,
			);
			path = "Hacker News";
			sourceTree = "<group>";
		};
		02ACA3152445C4A6004CEE93 /* Preview Content */ = {
			isa = PBXGroup;
			children = (
				02ACA3162445C4A6004CEE93 /* Preview Assets.xcassets */,
			);
			path = "Preview Content";
			sourceTree = "<group>";
		};
/* End PBXGroup section */

/* Begin PBXNativeTarget section */
		02ACA30B2445C4A1004CEE93 /* Hacker News */ = {
			isa = PBXNativeTarget;
			buildConfigurationList = 02ACA31F2445C4A6004CEE93 /* Build configuration list for PBXNativeTarget "Hacker News" */;
			buildPhases = (
				02ACA3082445C4A1004CEE93 /* Sources */,
				02ACA3092445C4A1004CEE93 /* Frameworks */,
				02ACA30A2445C4A1004CEE93 /* Resources */,
			);
			buildRules = (
			);
			dependencies = (
			);
			name = "Hacker News";
			productName = "Hacker News";
			productReference = 02ACA30C2445C4A1004CEE93 /* Hacker News.app */;
			productType = "com.apple.product-type.application";
		};
/* End PBXNativeTarget section */

/* Begin PBXProject section */
		02ACA3042445C4A1004CEE93 /* Project object */ = {
			isa = PBXProject;
			attributes = {
				LastSwiftUpdateCheck = 1140;
				LastUpgradeCheck = 1140;
				ORGANIZATIONNAME = "Bryce Hanscomb";
				TargetAttributes = {
					02ACA30B2445C4A1004CEE93 = {
						CreatedOnToolsVersion = 11.4;
					};
				};
			};
			buildConfigurationList = 02ACA3072445C4A1004CEE93 /* Build configuration list for PBXProject "Hacker News" */;
			compatibilityVersion = "Xcode 9.3";
			developmentRegion = en;
			hasScannedForEncodings = 0;
			knownRegions = (
				en,
				Base,
			);
			mainGroup = 02ACA3032445C4A1004CEE93;
			productRefGroup = 02ACA30D2445C4A1004CEE93 /* Products */;
			projectDirPath = "";
			projectRoot = "";
			targets = (
				02ACA30B2445C4A1004CEE93 /* Hacker News */,
			);
		};
/* End PBXProject section */

/* Begin PBXResourcesBuildPhase section */
		02ACA30A2445C4A1004CEE93 /* Resources */ = {
			isa = PBXResourcesBuildPhase;
			buildActionMask = 2147483647;
			files = (
				02ACA31A2445C4A6004CEE93 /* Main.storyboard in Resources */,
				02ACA3172445C4A6004CEE93 /* Preview Assets.xcassets in Resources */,
				02ACA3142445C4A6004CEE93 /* Assets.xcassets in Resources */,
			);
			runOnlyForDeploymentPostprocessing = 0;
		};
/* End PBXResourcesBuildPhase section */

/* Begin PBXSourcesBuildPhase section */
		02ACA3082445C4A1004CEE93 /* Sources */ = {
			isa = PBXSourcesBuildPhase;
			buildActionMask = 2147483647;
			files = (
				02AF467E2446DE8E00E41DE8 /* TitlebarAccessory.swift in Sources */,
				029694B524469F2C00EB12A1 /* StoryView.swift in Sources */,
				02AF467C2446D9F600E41DE8 /* WebView.swift in Sources */,
				02ACA3122445C4A1004CEE93 /* ContentView.swift in Sources */,
				02ACA3102445C4A1004CEE93 /* AppDelegate.swift in Sources */,
			);
			runOnlyForDeploymentPostprocessing = 0;
		};
/* End PBXSourcesBuildPhase section */

/* Begin PBXVariantGroup section */
		02ACA3182445C4A6004CEE93 /* Main.storyboard */ = {
			isa = PBXVariantGroup;
			children = (
				02ACA3192445C4A6004CEE93 /* Base */,
			);
			name = Main.storyboard;
			sourceTree = "<group>";
		};
/* End PBXVariantGroup section */

/* Begin XCBuildConfiguration section */
		02ACA31D2445C4A6004CEE93 /* Debug */ = {
			isa = XCBuildConfiguration;
			buildSettings = {
				ALWAYS_SEARCH_USER_PATHS = NO;
				CLANG_ANALYZER_NONNULL = YES;
				CLANG_ANALYZER_NUMBER_OBJECT_CONVERSION = YES_AGGRESSIVE;
				CLANG_CXX_LANGUAGE_STANDARD = "gnu++14";
				CLANG_CXX_LIBRARY = "libc++";
				CLANG_ENABLE_MODULES = YES;
				CLANG_ENABLE_OBJC_ARC = YES;
				CLANG_ENABLE_OBJC_WEAK = YES;
				CLANG_WARN_BLOCK_CAPTURE_AUTORELEASING = YES;
				CLANG_WARN_BOOL_CONVERSION = YES;
				CLANG_WARN_COMMA = YES;
				CLANG_WARN_CONSTANT_CONVERSION = YES;
				CLANG_WARN_DEPRECATED_OBJC_IMPLEMENTATIONS = YES;
				CLANG_WARN_DIRECT_OBJC_ISA_USAGE = YES_ERROR;
				CLANG_WARN_DOCUMENTATION_COMMENTS = YES;
				CLANG_WARN_EMPTY_BODY = YES;
				CLANG_WARN_ENUM_CONVERSION = YES;
				CLANG_WARN_INFINITE_RECURSION = YES;
				CLANG_WARN_INT_CONVERSION = YES;
				CLANG_WARN_NON_LITERAL_NULL_CONVERSION = YES;
				CLANG_WARN_OBJC_IMPLICIT_RETAIN_SELF = YES;
				CLANG_WARN_OBJC_LITERAL_CONVERSION = YES;
				CLANG_WARN_OBJC_ROOT_CLASS = YES_ERROR;
				CLANG_WARN_RANGE_LOOP_ANALYSIS = YES;
				CLANG_WARN_STRICT_PROTOTYPES = YES;
				CLANG_WARN_SUSPICIOUS_MOVE = YES;
				CLANG_WARN_UNGUARDED_AVAILABILITY = YES_AGGRESSIVE;
				CLANG_WARN_UNREACHABLE_CODE = YES;
				CLANG_WARN__DUPLICATE_METHOD_MATCH = YES;
				COPY_PHASE_STRIP = NO;
				DEBUG_INFORMATION_FORMAT = dwarf;
				ENABLE_STRICT_OBJC_MSGSEND = YES;
				ENABLE_TESTABILITY = YES;
				GCC_C_LANGUAGE_STANDARD = gnu11;
				GCC_DYNAMIC_NO_PIC = NO;
				GCC_NO_COMMON_BLOCKS = YES;
				GCC_OPTIMIZATION_LEVEL = 0;
				GCC_PREPROCESSOR_DEFINITIONS = (
					"DEBUG=1",
					"$(inherited)",
				);
				GCC_WARN_64_TO_32_BIT_CONVERSION = YES;
				GCC_WARN_ABOUT_RETURN_TYPE = YES_ERROR;
				GCC_WARN_UNDECLARED_SELECTOR = YES;
				GCC_WARN_UNINITIALIZED_AUTOS = YES_AGGRESSIVE;
				GCC_WARN_UNUSED_FUNCTION = YES;
				GCC_WARN_UNUSED_VARIABLE = YES;
				MACOSX_DEPLOYMENT_TARGET = 10.15;
				MTL_ENABLE_DEBUG_INFO = INCLUDE_SOURCE;
				MTL_FAST_MATH = YES;
				ONLY_ACTIVE_ARCH = YES;
				SDKROOT = macosx;
				SWIFT_ACTIVE_COMPILATION_CONDITIONS = DEBUG;
				SWIFT_OPTIMIZATION_LEVEL = "-Onone";
			};
			name = Debug;
		};
		02ACA31E2445C4A6004CEE93 /* Release */ = {
			isa = XCBuildConfiguration;
			buildSettings = {
				ALWAYS_SEARCH_USER_PATHS = NO;
				CLANG_ANALYZER_NONNULL = YES;
				CLANG_ANALYZER_NUMBER_OBJECT_CONVERSION = YES_AGGRESSIVE;
				CLANG_CXX_LANGUAGE_STANDARD = "gnu++14";
				CLANG_CXX_LIBRARY = "libc++";
				CLANG_ENABLE_MODULES = YES;
				CLANG_ENABLE_OBJC_ARC = YES;
				CLANG_ENABLE_OBJC_WEAK = YES;
				CLANG_WARN_BLOCK_CAPTURE_AUTORELEASING = YES;
				CLANG_WARN_BOOL_CONVERSION = YES;
				CLANG_WARN_COMMA = YES;
				CLANG_WARN_CONSTANT_CONVERSION = YES;
				CLANG_WARN_DEPRECATED_OBJC_IMPLEMENTATIONS = YES;
				CLANG_WARN_DIRECT_OBJC_ISA_USAGE = YES_ERROR;
				CLANG_WARN_DOCUMENTATION_COMMENTS = YES;
				CLANG_WARN_EMPTY_BODY = YES;
				CLANG_WARN_ENUM_CONVERSION = YES;
				CLANG_WARN_INFINITE_RECURSION = YES;
				CLANG_WARN_INT_CONVERSION = YES;
				CLANG_WARN_NON_LITERAL_NULL_CONVERSION = YES;
				CLANG_WARN_OBJC_IMPLICIT_RETAIN_SELF = YES;
				CLANG_WARN_OBJC_LITERAL_CONVERSION = YES;
				CLANG_WARN_OBJC_ROOT_CLASS = YES_ERROR;
				CLANG_WARN_RANGE_LOOP_ANALYSIS = YES;
				CLANG_WARN_STRICT_PROTOTYPES = YES;
				CLANG_WARN_SUSPICIOUS_MOVE = YES;
				CLANG_WARN_UNGUARDED_AVAILABILITY = YES_AGGRESSIVE;
				CLANG_WARN_UNREACHABLE_CODE = YES;
				CLANG_WARN__DUPLICATE_METHOD_MATCH = YES;
				COPY_PHASE_STRIP = NO;
				DEBUG_INFORMATION_FORMAT = "dwarf-with-dsym";
				ENABLE_NS_ASSERTIONS = NO;
				ENABLE_STRICT_OBJC_MSGSEND = YES;
				GCC_C_LANGUAGE_STANDARD = gnu11;
				GCC_NO_COMMON_BLOCKS = YES;
				GCC_WARN_64_TO_32_BIT_CONVERSION = YES;
				GCC_WARN_ABOUT_RETURN_TYPE = YES_ERROR;
				GCC_WARN_UNDECLARED_SELECTOR = YES;
				GCC_WARN_UNINITIALIZED_AUTOS = YES_AGGRESSIVE;
				GCC_WARN_UNUSED_FUNCTION = YES;
				GCC_WARN_UNUSED_VARIABLE = YES;
				MACOSX_DEPLOYMENT_TARGET = 10.15;
				MTL_ENABLE_DEBUG_INFO = NO;
				MTL_FAST_MATH = YES;
				SDKROOT = macosx;
				SWIFT_COMPILATION_MODE = wholemodule;
				SWIFT_OPTIMIZATION_LEVEL = "-O";
			};
			name = Release;
		};
		02ACA3202445C4A6004CEE93 /* Debug */ = {
			isa = XCBuildConfiguration;
			buildSettings = {
				ASSETCATALOG_COMPILER_APPICON_NAME = AppIcon;
				CODE_SIGN_ENTITLEMENTS = "Hacker News/Hacker_News.entitlements";
				CODE_SIGN_STYLE = Automatic;
				COMBINE_HIDPI_IMAGES = YES;
				DEVELOPMENT_ASSET_PATHS = "\"Hacker News/Preview Content\"";
				ENABLE_PREVIEWS = YES;
				INFOPLIST_FILE = "Hacker News/Info.plist";
				LD_RUNPATH_SEARCH_PATHS = (
					"$(inherited)",
					"@executable_path/../Frameworks",
				);
				MACOSX_DEPLOYMENT_TARGET = 10.15;
				PRODUCT_BUNDLE_IDENTIFIER = "com.brycehanscomb.products.Hacker-News";
				PRODUCT_NAME = "$(TARGET_NAME)";
				SWIFT_VERSION = 5.0;
			};
			name = Debug;
		};
		02ACA3212445C4A6004CEE93 /* Release */ = {
			isa = XCBuildConfiguration;
			buildSettings = {
				ASSETCATALOG_COMPILER_APPICON_NAME = AppIcon;
				CODE_SIGN_ENTITLEMENTS = "Hacker News/Hacker_News.entitlements";
				CODE_SIGN_STYLE = Automatic;
				COMBINE_HIDPI_IMAGES = YES;
				DEVELOPMENT_ASSET_PATHS = "\"Hacker News/Preview Content\"";
				ENABLE_PREVIEWS = YES;
				INFOPLIST_FILE = "Hacker News/Info.plist";
				LD_RUNPATH_SEARCH_PATHS = (
					"$(inherited)",
					"@executable_path/../Frameworks",
				);
				MACOSX_DEPLOYMENT_TARGET = 10.15;
				PRODUCT_BUNDLE_IDENTIFIER = "com.brycehanscomb.products.Hacker-News";
				PRODUCT_NAME = "$(TARGET_NAME)";
				SWIFT_VERSION = 5.0;
			};
			name = Release;
		};
/* End XCBuildConfiguration section */

/* Begin XCConfigurationList section */
		02ACA3072445C4A1004CEE93 /* Build configuration list for PBXProject "Hacker News" */ = {
			isa = XCConfigurationList;
			buildConfigurations = (
				02ACA31D2445C4A6004CEE93 /* Debug */,
				02ACA31E2445C4A6004CEE93 /* Release */,
			);
			defaultConfigurationIsVisible = 0;
			defaultConfigurationName = Release;
		};
		02ACA31F2445C4A6004CEE93 /* Build configuration list for PBXNativeTarget "Hacker News" */ = {
			isa = XCConfigurationList;
			buildConfigurations = (
				02ACA3202445C4A6004CEE93 /* Debug */,
				02ACA3212445C4A6004CEE93 /* Release */,
			);
			defaultConfigurationIsVisible = 0;
			defaultConfigurationName = Release;
		};
/* End XCConfigurationList section */
	};
	rootObject = 02ACA3042445C4A1004CEE93 /* Project object */;
}
